// !$*UTF8*$!
{
	archiveVersion = 1;
	classes = {
	};
	objectVersion = 46;
	objects = {

/* Begin PBXBuildFile section */
		19B1A47D1B79EC740052CE2A /* main.m in Sources */ = {isa = PBXBuildFile; fileRef = 19B1A47C1B79EC740052CE2A /* main.m */; };
		19B1A4801B79EC740052CE2A /* AppDelegate.m in Sources */ = {isa = PBXBuildFile; fileRef = 19B1A47F1B79EC740052CE2A /* AppDelegate.m */; };
		19B1A4831B79EC740052CE2A /* ViewController.m in Sources */ = {isa = PBXBuildFile; fileRef = 19B1A4821B79EC740052CE2A /* ViewController.m */; };
		19B1A4861B79EC740052CE2A /* Main.storyboard in Resources */ = {isa = PBXBuildFile; fileRef = 19B1A4841B79EC740052CE2A /* Main.storyboard */; };
		19B1A4881B79EC740052CE2A /* Images.xcassets in Resources */ = {isa = PBXBuildFile; fileRef = 19B1A4871B79EC740052CE2A /* Images.xcassets */; };
		19B1A48B1B79EC740052CE2A /* LaunchScreen.xib in Resources */ = {isa = PBXBuildFile; fileRef = 19B1A4891B79EC740052CE2A /* LaunchScreen.xib */; };
		19B1A4971B79EC740052CE2A /* LGAlertSheetTests.m in Sources */ = {isa = PBXBuildFile; fileRef = 19B1A4961B79EC740052CE2A /* LGAlertSheetTests.m */; };
		19B1A4AB1B79F10D0052CE2A /* LGActionSheet.m in Sources */ = {isa = PBXBuildFile; fileRef = 19B1A4A21B79F10D0052CE2A /* LGActionSheet.m */; };
		19B1A4AC1B79F10D0052CE2A /* LGActionSheet.xib in Resources */ = {isa = PBXBuildFile; fileRef = 19B1A4A31B79F10D0052CE2A /* LGActionSheet.xib */; };
		19B1A4AD1B79F10D0052CE2A /* LGActionSheet_2Opt.xib in Resources */ = {isa = PBXBuildFile; fileRef = 19B1A4A41B79F10D0052CE2A /* LGActionSheet_2Opt.xib */; };
		19B1A4AE1B79F10D0052CE2A /* LGAlertView.m in Sources */ = {isa = PBXBuildFile; fileRef = 19B1A4A61B79F10D0052CE2A /* LGAlertView.m */; };
		19B1A4B11B79F10D0052CE2A /* LGProgressAlertView.xib in Resources */ = {isa = PBXBuildFile; fileRef = 19B1A4A91B79F10D0052CE2A /* LGProgressAlertView.xib */; };
		19B1A4B21B79F10D0052CE2A /* LGTextFieldAlertView.xib in Resources */ = {isa = PBXBuildFile; fileRef = 19B1A4AA1B79F10D0052CE2A /* LGTextFieldAlertView.xib */; };
		19B1A4D11B79FE490052CE2A /* LGCommonButton.m in Sources */ = {isa = PBXBuildFile; fileRef = 19B1A4C61B79FE490052CE2A /* LGCommonButton.m */; };
		19B1A4D21B79FE490052CE2A /* LGCustomizedCornerButton.m in Sources */ = {isa = PBXBuildFile; fileRef = 19B1A4C81B79FE490052CE2A /* LGCustomizedCornerButton.m */; };
		19B1A4D31B79FE490052CE2A /* LGRoundCornerButton.m in Sources */ = {isa = PBXBuildFile; fileRef = 19B1A4CA1B79FE490052CE2A /* LGRoundCornerButton.m */; };
		19B1A4D41B79FE490052CE2A /* UIColor+Components.m in Sources */ = {isa = PBXBuildFile; fileRef = 19B1A4CC1B79FE490052CE2A /* UIColor+Components.m */; };
		19B1A4D51B79FE490052CE2A /* UIImage+Color.m in Sources */ = {isa = PBXBuildFile; fileRef = 19B1A4CE1B79FE490052CE2A /* UIImage+Color.m */; };
		19B1A4D61B79FE490052CE2A /* UIView+Shake.m in Sources */ = {isa = PBXBuildFile; fileRef = 19B1A4D01B79FE490052CE2A /* UIView+Shake.m */; };
		19B1A4DA1B7A0F740052CE2A /* LGLocalizedButton.m in Sources */ = {isa = PBXBuildFile; fileRef = 19B1A4D91B7A0F740052CE2A /* LGLocalizedButton.m */; };
		19B1A4DD1B7A118C0052CE2A /* LGRoundCornerView.m in Sources */ = {isa = PBXBuildFile; fileRef = 19B1A4DC1B7A118C0052CE2A /* LGRoundCornerView.m */; };
		19B1A4E01B7B37430052CE2A /* LGProgressView.m in Sources */ = {isa = PBXBuildFile; fileRef = 19B1A4DF1B7B37430052CE2A /* LGProgressView.m */; };
		19B1A4E51B7C84880052CE2A /* LGAlertView.xib in Resources */ = {isa = PBXBuildFile; fileRef = 19B1A4E41B7C84880052CE2A /* LGAlertView.xib */; };
		19B1A4E81B7CB9660052CE2A /* NSPointerArray+AbstractionHelpers.m in Sources */ = {isa = PBXBuildFile; fileRef = 19B1A4E71B7CB9660052CE2A /* NSPointerArray+AbstractionHelpers.m */; };
/* End PBXBuildFile section */

/* Begin PBXContainerItemProxy section */
		19B1A4911B79EC740052CE2A /* PBXContainerItemProxy */ = {
			isa = PBXContainerItemProxy;
			containerPortal = 19B1A46F1B79EC740052CE2A /* Project object */;
			proxyType = 1;
			remoteGlobalIDString = 19B1A4761B79EC740052CE2A;
			remoteInfo = LGAlertSheet;
		};
/* End PBXContainerItemProxy section */

/* Begin PBXFileReference section */
		19B1A4771B79EC740052CE2A /* LGAlertSheet.app */ = {isa = PBXFileReference; explicitFileType = wrapper.application; includeInIndex = 0; path = LGAlertSheet.app; sourceTree = BUILT_PRODUCTS_DIR; };
		19B1A47B1B79EC740052CE2A /* Info.plist */ = {isa = PBXFileReference; lastKnownFileType = text.plist.xml; path = Info.plist; sourceTree = "<group>"; };
		19B1A47C1B79EC740052CE2A /* main.m */ = {isa = PBXFileReference; lastKnownFileType = sourcecode.c.objc; path = main.m; sourceTree = "<group>"; };
		19B1A47E1B79EC740052CE2A /* AppDelegate.h */ = {isa = PBXFileReference; lastKnownFileType = sourcecode.c.h; path = AppDelegate.h; sourceTree = "<group>"; };
		19B1A47F1B79EC740052CE2A /* AppDelegate.m */ = {isa = PBXFileReference; lastKnownFileType = sourcecode.c.objc; path = AppDelegate.m; sourceTree = "<group>"; };
		19B1A4811B79EC740052CE2A /* ViewController.h */ = {isa = PBXFileReference; lastKnownFileType = sourcecode.c.h; path = ViewController.h; sourceTree = "<group>"; };
		19B1A4821B79EC740052CE2A /* ViewController.m */ = {isa = PBXFileReference; lastKnownFileType = sourcecode.c.objc; path = ViewController.m; sourceTree = "<group>"; };
		19B1A4851B79EC740052CE2A /* Base */ = {isa = PBXFileReference; lastKnownFileType = file.storyboard; name = Base; path = Base.lproj/Main.storyboard; sourceTree = "<group>"; };
		19B1A4871B79EC740052CE2A /* Images.xcassets */ = {isa = PBXFileReference; lastKnownFileType = folder.assetcatalog; path = Images.xcassets; sourceTree = "<group>"; };
		19B1A48A1B79EC740052CE2A /* Base */ = {isa = PBXFileReference; lastKnownFileType = file.xib; name = Base; path = Base.lproj/LaunchScreen.xib; sourceTree = "<group>"; };
		19B1A4901B79EC740052CE2A /* LGAlertSheetTests.xctest */ = {isa = PBXFileReference; explicitFileType = wrapper.cfbundle; includeInIndex = 0; path = LGAlertSheetTests.xctest; sourceTree = BUILT_PRODUCTS_DIR; };
		19B1A4951B79EC740052CE2A /* Info.plist */ = {isa = PBXFileReference; lastKnownFileType = text.plist.xml; path = Info.plist; sourceTree = "<group>"; };
		19B1A4961B79EC740052CE2A /* LGAlertSheetTests.m */ = {isa = PBXFileReference; lastKnownFileType = sourcecode.c.objc; path = LGAlertSheetTests.m; sourceTree = "<group>"; };
		19B1A4A11B79F10D0052CE2A /* LGActionSheet.h */ = {isa = PBXFileReference; fileEncoding = 4; lastKnownFileType = sourcecode.c.h; path = LGActionSheet.h; sourceTree = "<group>"; };
		19B1A4A21B79F10D0052CE2A /* LGActionSheet.m */ = {isa = PBXFileReference; fileEncoding = 4; lastKnownFileType = sourcecode.c.objc; path = LGActionSheet.m; sourceTree = "<group>"; };
		19B1A4A31B79F10D0052CE2A /* LGActionSheet.xib */ = {isa = PBXFileReference; fileEncoding = 4; lastKnownFileType = file.xib; path = LGActionSheet.xib; sourceTree = "<group>"; };
		19B1A4A41B79F10D0052CE2A /* LGActionSheet_2Opt.xib */ = {isa = PBXFileReference; fileEncoding = 4; lastKnownFileType = file.xib; path = LGActionSheet_2Opt.xib; sourceTree = "<group>"; };
		19B1A4A51B79F10D0052CE2A /* LGAlertView.h */ = {isa = PBXFileReference; fileEncoding = 4; lastKnownFileType = sourcecode.c.h; path = LGAlertView.h; sourceTree = "<group>"; };
		19B1A4A61B79F10D0052CE2A /* LGAlertView.m */ = {isa = PBXFileReference; fileEncoding = 4; lastKnownFileType = sourcecode.c.objc; path = LGAlertView.m; sourceTree = "<group>"; };
		19B1A4A91B79F10D0052CE2A /* LGProgressAlertView.xib */ = {isa = PBXFileReference; fileEncoding = 4; lastKnownFileType = file.xib; path = LGProgressAlertView.xib; sourceTree = "<group>"; };
		19B1A4AA1B79F10D0052CE2A /* LGTextFieldAlertView.xib */ = {isa = PBXFileReference; fileEncoding = 4; lastKnownFileType = file.xib; path = LGTextFieldAlertView.xib; sourceTree = "<group>"; };
		19B1A4C61B79FE490052CE2A /* LGCommonButton.m */ = {isa = PBXFileReference; fileEncoding = 4; lastKnownFileType = sourcecode.c.objc; path = LGCommonButton.m; sourceTree = "<group>"; };
		19B1A4C71B79FE490052CE2A /* LGCustomizedCornerButton.h */ = {isa = PBXFileReference; fileEncoding = 4; lastKnownFileType = sourcecode.c.h; path = LGCustomizedCornerButton.h; sourceTree = "<group>"; };
		19B1A4C81B79FE490052CE2A /* LGCustomizedCornerButton.m */ = {isa = PBXFileReference; fileEncoding = 4; lastKnownFileType = sourcecode.c.objc; path = LGCustomizedCornerButton.m; sourceTree = "<group>"; };
		19B1A4C91B79FE490052CE2A /* LGRoundCornerButton.h */ = {isa = PBXFileReference; fileEncoding = 4; lastKnownFileType = sourcecode.c.h; path = LGRoundCornerButton.h; sourceTree = "<group>"; };
		19B1A4CA1B79FE490052CE2A /* LGRoundCornerButton.m */ = {isa = PBXFileReference; fileEncoding = 4; lastKnownFileType = sourcecode.c.objc; path = LGRoundCornerButton.m; sourceTree = "<group>"; };
		19B1A4CB1B79FE490052CE2A /* UIColor+Components.h */ = {isa = PBXFileReference; fileEncoding = 4; lastKnownFileType = sourcecode.c.h; path = "UIColor+Components.h"; sourceTree = "<group>"; };
		19B1A4CC1B79FE490052CE2A /* UIColor+Components.m */ = {isa = PBXFileReference; fileEncoding = 4; lastKnownFileType = sourcecode.c.objc; path = "UIColor+Components.m"; sourceTree = "<group>"; };
		19B1A4CD1B79FE490052CE2A /* UIImage+Color.h */ = {isa = PBXFileReference; fileEncoding = 4; lastKnownFileType = sourcecode.c.h; path = "UIImage+Color.h"; sourceTree = "<group>"; };
		19B1A4CE1B79FE490052CE2A /* UIImage+Color.m */ = {isa = PBXFileReference; fileEncoding = 4; lastKnownFileType = sourcecode.c.objc; path = "UIImage+Color.m"; sourceTree = "<group>"; };
		19B1A4CF1B79FE490052CE2A /* UIView+Shake.h */ = {isa = PBXFileReference; fileEncoding = 4; lastKnownFileType = sourcecode.c.h; path = "UIView+Shake.h"; sourceTree = "<group>"; };
		19B1A4D01B79FE490052CE2A /* UIView+Shake.m */ = {isa = PBXFileReference; fileEncoding = 4; lastKnownFileType = sourcecode.c.objc; path = "UIView+Shake.m"; sourceTree = "<group>"; };
		19B1A4D71B79FE670052CE2A /* LGCommonButton.h */ = {isa = PBXFileReference; lastKnownFileType = sourcecode.c.h; path = LGCommonButton.h; sourceTree = "<group>"; };
		19B1A4D81B7A0F740052CE2A /* LGLocalizedButton.h */ = {isa = PBXFileReference; fileEncoding = 4; lastKnownFileType = sourcecode.c.h; path = LGLocalizedButton.h; sourceTree = "<group>"; };
		19B1A4D91B7A0F740052CE2A /* LGLocalizedButton.m */ = {isa = PBXFileReference; fileEncoding = 4; lastKnownFileType = sourcecode.c.objc; path = LGLocalizedButton.m; sourceTree = "<group>"; };
		19B1A4DB1B7A118C0052CE2A /* LGRoundCornerView.h */ = {isa = PBXFileReference; fileEncoding = 4; lastKnownFileType = sourcecode.c.h; path = LGRoundCornerView.h; sourceTree = "<group>"; };
		19B1A4DC1B7A118C0052CE2A /* LGRoundCornerView.m */ = {isa = PBXFileReference; fileEncoding = 4; lastKnownFileType = sourcecode.c.objc; path = LGRoundCornerView.m; sourceTree = "<group>"; };
		19B1A4DE1B7B37430052CE2A /* LGProgressView.h */ = {isa = PBXFileReference; fileEncoding = 4; lastKnownFileType = sourcecode.c.h; path = LGProgressView.h; sourceTree = "<group>"; };
		19B1A4DF1B7B37430052CE2A /* LGProgressView.m */ = {isa = PBXFileReference; fileEncoding = 4; lastKnownFileType = sourcecode.c.objc; path = LGProgressView.m; sourceTree = "<group>"; };
		19B1A4E41B7C84880052CE2A /* LGAlertView.xib */ = {isa = PBXFileReference; fileEncoding = 4; lastKnownFileType = file.xib; path = LGAlertView.xib; sourceTree = "<group>"; };
		19B1A4E61B7CB9660052CE2A /* NSPointerArray+AbstractionHelpers.h */ = {isa = PBXFileReference; fileEncoding = 4; lastKnownFileType = sourcecode.c.h; path = "NSPointerArray+AbstractionHelpers.h"; sourceTree = "<group>"; };
		19B1A4E71B7CB9660052CE2A /* NSPointerArray+AbstractionHelpers.m */ = {isa = PBXFileReference; fileEncoding = 4; lastKnownFileType = sourcecode.c.objc; path = "NSPointerArray+AbstractionHelpers.m"; sourceTree = "<group>"; };
/* End PBXFileReference section */

/* Begin PBXFrameworksBuildPhase section */
		19B1A4741B79EC740052CE2A /* Frameworks */ = {
			isa = PBXFrameworksBuildPhase;
			buildActionMask = 2147483647;
			files = (
			);
			runOnlyForDeploymentPostprocessing = 0;
		};
		19B1A48D1B79EC740052CE2A /* Frameworks */ = {
			isa = PBXFrameworksBuildPhase;
			buildActionMask = 2147483647;
			files = (
			);
			runOnlyForDeploymentPostprocessing = 0;
		};
/* End PBXFrameworksBuildPhase section */

/* Begin PBXGroup section */
		19B1A46E1B79EC740052CE2A = {
			isa = PBXGroup;
			children = (
				19B1A4791B79EC740052CE2A /* LGAlertSheet */,
				19B1A4931B79EC740052CE2A /* LGAlertSheetTests */,
				19B1A4781B79EC740052CE2A /* Products */,
			);
			sourceTree = "<group>";
		};
		19B1A4781B79EC740052CE2A /* Products */ = {
			isa = PBXGroup;
			children = (
				19B1A4771B79EC740052CE2A /* LGAlertSheet.app */,
				19B1A4901B79EC740052CE2A /* LGAlertSheetTests.xctest */,
			);
			name = Products;
			sourceTree = "<group>";
		};
		19B1A4791B79EC740052CE2A /* LGAlertSheet */ = {
			isa = PBXGroup;
			children = (
				19B1A4A01B79F10D0052CE2A /* LGAlertSheet */,
				19B1A47E1B79EC740052CE2A /* AppDelegate.h */,
				19B1A47F1B79EC740052CE2A /* AppDelegate.m */,
				19B1A4811B79EC740052CE2A /* ViewController.h */,
				19B1A4821B79EC740052CE2A /* ViewController.m */,
				19B1A4841B79EC740052CE2A /* Main.storyboard */,
				19B1A4871B79EC740052CE2A /* Images.xcassets */,
				19B1A4891B79EC740052CE2A /* LaunchScreen.xib */,
				19B1A47A1B79EC740052CE2A /* Supporting Files */,
			);
			path = LGAlertSheet;
			sourceTree = "<group>";
		};
		19B1A47A1B79EC740052CE2A /* Supporting Files */ = {
			isa = PBXGroup;
			children = (
				19B1A47B1B79EC740052CE2A /* Info.plist */,
				19B1A47C1B79EC740052CE2A /* main.m */,
			);
			name = "Supporting Files";
			sourceTree = "<group>";
		};
		19B1A4931B79EC740052CE2A /* LGAlertSheetTests */ = {
			isa = PBXGroup;
			children = (
				19B1A4961B79EC740052CE2A /* LGAlertSheetTests.m */,
				19B1A4941B79EC740052CE2A /* Supporting Files */,
			);
			path = LGAlertSheetTests;
			sourceTree = "<group>";
		};
		19B1A4941B79EC740052CE2A /* Supporting Files */ = {
			isa = PBXGroup;
			children = (
				19B1A4951B79EC740052CE2A /* Info.plist */,
			);
			name = "Supporting Files";
			sourceTree = "<group>";
		};
		19B1A4A01B79F10D0052CE2A /* LGAlertSheet */ = {
			isa = PBXGroup;
			children = (
				19B1A4A11B79F10D0052CE2A /* LGActionSheet.h */,
				19B1A4A21B79F10D0052CE2A /* LGActionSheet.m */,
				19B1A4A31B79F10D0052CE2A /* LGActionSheet.xib */,
				19B1A4A41B79F10D0052CE2A /* LGActionSheet_2Opt.xib */,
				19B1A4A51B79F10D0052CE2A /* LGAlertView.h */,
				19B1A4A61B79F10D0052CE2A /* LGAlertView.m */,
				19B1A4E41B7C84880052CE2A /* LGAlertView.xib */,
				19B1A4AA1B79F10D0052CE2A /* LGTextFieldAlertView.xib */,
				19B1A4A91B79F10D0052CE2A /* LGProgressAlertView.xib */,
				19B1A4C51B79FE490052CE2A /* Utility */,
			);
			path = LGAlertSheet;
			sourceTree = "<group>";
		};
		19B1A4C51B79FE490052CE2A /* Utility */ = {
			isa = PBXGroup;
			children = (
				19B1A4DB1B7A118C0052CE2A /* LGRoundCornerView.h */,
				19B1A4DC1B7A118C0052CE2A /* LGRoundCornerView.m */,
				19B1A4D81B7A0F740052CE2A /* LGLocalizedButton.h */,
				19B1A4D91B7A0F740052CE2A /* LGLocalizedButton.m */,
				19B1A4D71B79FE670052CE2A /* LGCommonButton.h */,
				19B1A4C61B79FE490052CE2A /* LGCommonButton.m */,
				19B1A4C71B79FE490052CE2A /* LGCustomizedCornerButton.h */,
				19B1A4C81B79FE490052CE2A /* LGCustomizedCornerButton.m */,
				19B1A4C91B79FE490052CE2A /* LGRoundCornerButton.h */,
				19B1A4CA1B79FE490052CE2A /* LGRoundCornerButton.m */,
				19B1A4CB1B79FE490052CE2A /* UIColor+Components.h */,
				19B1A4CC1B79FE490052CE2A /* UIColor+Components.m */,
				19B1A4CD1B79FE490052CE2A /* UIImage+Color.h */,
				19B1A4CE1B79FE490052CE2A /* UIImage+Color.m */,
				19B1A4CF1B79FE490052CE2A /* UIView+Shake.h */,
				19B1A4D01B79FE490052CE2A /* UIView+Shake.m */,
				19B1A4DE1B7B37430052CE2A /* LGProgressView.h */,
				19B1A4DF1B7B37430052CE2A /* LGProgressView.m */,
				19B1A4E61B7CB9660052CE2A /* NSPointerArray+AbstractionHelpers.h */,
				19B1A4E71B7CB9660052CE2A /* NSPointerArray+AbstractionHelpers.m */,
			);
			path = Utility;
			sourceTree = "<group>";
		};
/* End PBXGroup section */

/* Begin PBXNativeTarget section */
		19B1A4761B79EC740052CE2A /* LGAlertSheet */ = {
			isa = PBXNativeTarget;
			buildConfigurationList = 19B1A49A1B79EC740052CE2A /* Build configuration list for PBXNativeTarget "LGAlertSheet" */;
			buildPhases = (
				19B1A4731B79EC740052CE2A /* Sources */,
				19B1A4741B79EC740052CE2A /* Frameworks */,
				19B1A4751B79EC740052CE2A /* Resources */,
			);
			buildRules = (
			);
			dependencies = (
			);
			name = LGAlertSheet;
			productName = LGAlertSheet;
			productReference = 19B1A4771B79EC740052CE2A /* LGAlertSheet.app */;
			productType = "com.apple.product-type.application";
		};
		19B1A48F1B79EC740052CE2A /* LGAlertSheetTests */ = {
			isa = PBXNativeTarget;
			buildConfigurationList = 19B1A49D1B79EC740052CE2A /* Build configuration list for PBXNativeTarget "LGAlertSheetTests" */;
			buildPhases = (
				19B1A48C1B79EC740052CE2A /* Sources */,
				19B1A48D1B79EC740052CE2A /* Frameworks */,
				19B1A48E1B79EC740052CE2A /* Resources */,
			);
			buildRules = (
			);
			dependencies = (
				19B1A4921B79EC740052CE2A /* PBXTargetDependency */,
			);
			name = LGAlertSheetTests;
			productName = LGAlertSheetTests;
			productReference = 19B1A4901B79EC740052CE2A /* LGAlertSheetTests.xctest */;
			productType = "com.apple.product-type.bundle.unit-test";
		};
/* End PBXNativeTarget section */

/* Begin PBXProject section */
		19B1A46F1B79EC740052CE2A /* Project object */ = {
			isa = PBXProject;
			attributes = {
				LastUpgradeCheck = 0630;
				ORGANIZATIONNAME = ZiXuWuYou;
				TargetAttributes = {
					19B1A4761B79EC740052CE2A = {
						CreatedOnToolsVersion = 6.3.2;
					};
					19B1A48F1B79EC740052CE2A = {
						CreatedOnToolsVersion = 6.3.2;
						TestTargetID = 19B1A4761B79EC740052CE2A;
					};
				};
			};
			buildConfigurationList = 19B1A4721B79EC740052CE2A /* Build configuration list for PBXProject "LGAlertSheet" */;
			compatibilityVersion = "Xcode 3.2";
			developmentRegion = English;
			hasScannedForEncodings = 0;
			knownRegions = (
				en,
				Base,
			);
			mainGroup = 19B1A46E1B79EC740052CE2A;
			productRefGroup = 19B1A4781B79EC740052CE2A /* Products */;
			projectDirPath = "";
			projectRoot = "";
			targets = (
				19B1A4761B79EC740052CE2A /* LGAlertSheet */,
				19B1A48F1B79EC740052CE2A /* LGAlertSheetTests */,
			);
		};
/* End PBXProject section */

/* Begin PBXResourcesBuildPhase section */
		19B1A4751B79EC740052CE2A /* Resources */ = {
			isa = PBXResourcesBuildPhase;
			buildActionMask = 2147483647;
			files = (
				19B1A4E51B7C84880052CE2A /* LGAlertView.xib in Resources */,
				19B1A4B21B79F10D0052CE2A /* LGTextFieldAlertView.xib in Resources */,
				19B1A4AD1B79F10D0052CE2A /* LGActionSheet_2Opt.xib in Resources */,
				19B1A4B11B79F10D0052CE2A /* LGProgressAlertView.xib in Resources */,
				19B1A4AC1B79F10D0052CE2A /* LGActionSheet.xib in Resources */,
				19B1A4861B79EC740052CE2A /* Main.storyboard in Resources */,
				19B1A48B1B79EC740052CE2A /* LaunchScreen.xib in Resources */,
				19B1A4881B79EC740052CE2A /* Images.xcassets in Resources */,
			);
			runOnlyForDeploymentPostprocessing = 0;
		};
		19B1A48E1B79EC740052CE2A /* Resources */ = {
			isa = PBXResourcesBuildPhase;
			buildActionMask = 2147483647;
			files = (
			);
			runOnlyForDeploymentPostprocessing = 0;
		};
/* End PBXResourcesBuildPhase section */

/* Begin PBXSourcesBuildPhase section */
		19B1A4731B79EC740052CE2A /* Sources */ = {
			isa = PBXSourcesBuildPhase;
			buildActionMask = 2147483647;
			files = (
				19B1A4D21B79FE490052CE2A /* LGCustomizedCornerButton.m in Sources */,
				19B1A4AB1B79F10D0052CE2A /* LGActionSheet.m in Sources */,
				19B1A4AE1B79F10D0052CE2A /* LGAlertView.m in Sources */,
				19B1A4E81B7CB9660052CE2A /* NSPointerArray+AbstractionHelpers.m in Sources */,
				19B1A4D51B79FE490052CE2A /* UIImage+Color.m in Sources */,
				19B1A4831B79EC740052CE2A /* ViewController.m in Sources */,
				19B1A4DA1B7A0F740052CE2A /* LGLocalizedButton.m in Sources */,
				19B1A4DD1B7A118C0052CE2A /* LGRoundCornerView.m in Sources */,
				19B1A4D31B79FE490052CE2A /* LGRoundCornerButton.m in Sources */,
				19B1A4D61B79FE490052CE2A /* UIView+Shake.m in Sources */,
				19B1A4D41B79FE490052CE2A /* UIColor+Components.m in Sources */,
				19B1A4E01B7B37430052CE2A /* LGProgressView.m in Sources */,
				19B1A4801B79EC740052CE2A /* AppDelegate.m in Sources */,
				19B1A47D1B79EC740052CE2A /* main.m in Sources */,
				19B1A4D11B79FE490052CE2A /* LGCommonButton.m in Sources */,
			);
			runOnlyForDeploymentPostprocessing = 0;
		};
		19B1A48C1B79EC740052CE2A /* Sources */ = {
			isa = PBXSourcesBuildPhase;
			buildActionMask = 2147483647;
			files = (
				19B1A4971B79EC740052CE2A /* LGAlertSheetTests.m in Sources */,
			);
			runOnlyForDeploymentPostprocessing = 0;
		};
/* End PBXSourcesBuildPhase section */

/* Begin PBXTargetDependency section */
		19B1A4921B79EC740052CE2A /* PBXTargetDependency */ = {
			isa = PBXTargetDependency;
			target = 19B1A4761B79EC740052CE2A /* LGAlertSheet */;
			targetProxy = 19B1A4911B79EC740052CE2A /* PBXContainerItemProxy */;
		};
/* End PBXTargetDependency section */

/* Begin PBXVariantGroup section */
		19B1A4841B79EC740052CE2A /* Main.storyboard */ = {
			isa = PBXVariantGroup;
			children = (
				19B1A4851B79EC740052CE2A /* Base */,
			);
			name = Main.storyboard;
			sourceTree = "<group>";
		};
		19B1A4891B79EC740052CE2A /* LaunchScreen.xib */ = {
			isa = PBXVariantGroup;
			children = (
				19B1A48A1B79EC740052CE2A /* Base */,
			);
			name = LaunchScreen.xib;
			sourceTree = "<group>";
		};
/* End PBXVariantGroup section */

/* Begin XCBuildConfiguration section */
		19B1A4981B79EC740052CE2A /* Debug */ = {
			isa = XCBuildConfiguration;
			buildSettings = {
				ALWAYS_SEARCH_USER_PATHS = NO;
				CLANG_CXX_LANGUAGE_STANDARD = "gnu++0x";
				CLANG_CXX_LIBRARY = "libc++";
				CLANG_ENABLE_MODULES = YES;
				CLANG_ENABLE_OBJC_ARC = YES;
				CLANG_WARN_BOOL_CONVERSION = YES;
				CLANG_WARN_CONSTANT_CONVERSION = YES;
				CLANG_WARN_DIRECT_OBJC_ISA_USAGE = YES_ERROR;
				CLANG_WARN_EMPTY_BODY = YES;
				CLANG_WARN_ENUM_CONVERSION = YES;
				CLANG_WARN_INT_CONVERSION = YES;
				CLANG_WARN_OBJC_ROOT_CLASS = YES_ERROR;
				CLANG_WARN_UNREACHABLE_CODE = YES;
				CLANG_WARN__DUPLICATE_METHOD_MATCH = YES;
				"CODE_SIGN_IDENTITY[sdk=iphoneos*]" = "iPhone Developer";
				COPY_PHASE_STRIP = NO;
				DEBUG_INFORMATION_FORMAT = "dwarf-with-dsym";
				ENABLE_STRICT_OBJC_MSGSEND = YES;
				GCC_C_LANGUAGE_STANDARD = gnu99;
				GCC_DYNAMIC_NO_PIC = NO;
				GCC_NO_COMMON_BLOCKS = YES;
				GCC_OPTIMIZATION_LEVEL = 0;
				GCC_PREPROCESSOR_DEFINITIONS = (
					"DEBUG=1",
					"$(inherited)",
				);
				GCC_SYMBOLS_PRIVATE_EXTERN = NO;
				GCC_WARN_64_TO_32_BIT_CONVERSION = YES;
				GCC_WARN_ABOUT_RETURN_TYPE = YES_ERROR;
				GCC_WARN_UNDECLARED_SELECTOR = YES;
				GCC_WARN_UNINITIALIZED_AUTOS = YES_AGGRESSIVE;
				GCC_WARN_UNUSED_FUNCTION = YES;
				GCC_WARN_UNUSED_VARIABLE = YES;
				IPHONEOS_DEPLOYMENT_TARGET = 7.0;
				MTL_ENABLE_DEBUG_INFO = YES;
				ONLY_ACTIVE_ARCH = YES;
				SDKROOT = iphoneos;
				TARGETED_DEVICE_FAMILY = "1,2";
			};
			name = Debug;
		};
		19B1A4991B79EC740052CE2A /* Release */ = {
			isa = XCBuildConfiguration;
			buildSettings = {
				ALWAYS_SEARCH_USER_PATHS = NO;
				CLANG_CXX_LANGUAGE_STANDARD = "gnu++0x";
				CLANG_CXX_LIBRARY = "libc++";
				CLANG_ENABLE_MODULES = YES;
				CLANG_ENABLE_OBJC_ARC = YES;
				CLANG_WARN_BOOL_CONVERSION = YES;
				CLANG_WARN_CONSTANT_CONVERSION = YES;
				CLANG_WARN_DIRECT_OBJC_ISA_USAGE = YES_ERROR;
				CLANG_WARN_EMPTY_BODY = YES;
				CLANG_WARN_ENUM_CONVERSION = YES;
				CLANG_WARN_INT_CONVERSION = YES;
				CLANG_WARN_OBJC_ROOT_CLASS = YES_ERROR;
				CLANG_WARN_UNREACHABLE_CODE = YES;
				CLANG_WARN__DUPLICATE_METHOD_MATCH = YES;
				"CODE_SIGN_IDENTITY[sdk=iphoneos*]" = "iPhone Developer";
				COPY_PHASE_STRIP = NO;
				DEBUG_INFORMATION_FORMAT = "dwarf-with-dsym";
				ENABLE_NS_ASSERTIONS = NO;
				ENABLE_STRICT_OBJC_MSGSEND = YES;
				GCC_C_LANGUAGE_STANDARD = gnu99;
				GCC_NO_COMMON_BLOCKS = YES;
				GCC_WARN_64_TO_32_BIT_CONVERSION = YES;
				GCC_WARN_ABOUT_RETURN_TYPE = YES_ERROR;
				GCC_WARN_UNDECLARED_SELECTOR = YES;
				GCC_WARN_UNINITIALIZED_AUTOS = YES_AGGRESSIVE;
				GCC_WARN_UNUSED_FUNCTION = YES;
				GCC_WARN_UNUSED_VARIABLE = YES;
				IPHONEOS_DEPLOYMENT_TARGET = 7.0;
				MTL_ENABLE_DEBUG_INFO = NO;
				SDKROOT = iphoneos;
				TARGETED_DEVICE_FAMILY = "1,2";
				VALIDATE_PRODUCT = YES;
			};
			name = Release;
		};
		19B1A49B1B79EC740052CE2A /* Debug */ = {
			isa = XCBuildConfiguration;
			buildSettings = {
				ASSETCATALOG_COMPILER_APPICON_NAME = AppIcon;
				INFOPLIST_FILE = LGAlertSheet/Info.plist;
				IPHONEOS_DEPLOYMENT_TARGET = 7.0;
				LD_RUNPATH_SEARCH_PATHS = "$(inherited) @executable_path/Frameworks";
				PRODUCT_NAME = "$(TARGET_NAME)";
			};
			name = Debug;
		};
		19B1A49C1B79EC740052CE2A /* Release */ = {
			isa = XCBuildConfiguration;
			buildSettings = {
				ASSETCATALOG_COMPILER_APPICON_NAME = AppIcon;
				INFOPLIST_FILE = LGAlertSheet/Info.plist;
				IPHONEOS_DEPLOYMENT_TARGET = 7.0;
				LD_RUNPATH_SEARCH_PATHS = "$(inherited) @executable_path/Frameworks";
				PRODUCT_NAME = "$(TARGET_NAME)";
			};
			name = Release;
		};
		19B1A49E1B79EC740052CE2A /* Debug */ = {
			isa = XCBuildConfiguration;
			buildSettings = {
				BUNDLE_LOADER = "$(TEST_HOST)";
				FRAMEWORK_SEARCH_PATHS = (
					"$(SDKROOT)/Developer/Library/Frameworks",
					"$(inherited)",
				);
				GCC_PREPROCESSOR_DEFINITIONS = (
					"DEBUG=1",
					"$(inherited)",
				);
				INFOPLIST_FILE = LGAlertSheetTests/Info.plist;
				LD_RUNPATH_SEARCH_PATHS = "$(inherited) @executable_path/Frameworks @loader_path/Frameworks";
				PRODUCT_NAME = "$(TARGET_NAME)";
				TEST_HOST = "$(BUILT_PRODUCTS_DIR)/LGAlertSheet.app/LGAlertSheet";
			};
			name = Debug;
		};
		19B1A49F1B79EC740052CE2A /* Release */ = {
			isa = XCBuildConfiguration;
			buildSettings = {
				BUNDLE_LOADER = "$(TEST_HOST)";
				FRAMEWORK_SEARCH_PATHS = (
					"$(SDKROOT)/Developer/Library/Frameworks",
					"$(inherited)",
				);
				INFOPLIST_FILE = LGAlertSheetTests/Info.plist;
				LD_RUNPATH_SEARCH_PATHS = "$(inherited) @executable_path/Frameworks @loader_path/Frameworks";
				PRODUCT_NAME = "$(TARGET_NAME)";
				TEST_HOST = "$(BUILT_PRODUCTS_DIR)/LGAlertSheet.app/LGAlertSheet";
			};
			name = Release;
		};
/* End XCBuildConfiguration section */

/* Begin XCConfigurationList section */
		19B1A4721B79EC740052CE2A /* Build configuration list for PBXProject "LGAlertSheet" */ = {
			isa = XCConfigurationList;
			buildConfigurations = (
				19B1A4981B79EC740052CE2A /* Debug */,
				19B1A4991B79EC740052CE2A /* Release */,
			);
			defaultConfigurationIsVisible = 0;
			defaultConfigurationName = Release;
		};
		19B1A49A1B79EC740052CE2A /* Build configuration list for PBXNativeTarget "LGAlertSheet" */ = {
			isa = XCConfigurationList;
			buildConfigurations = (
				19B1A49B1B79EC740052CE2A /* Debug */,
				19B1A49C1B79EC740052CE2A /* Release */,
			);
			defaultConfigurationIsVisible = 0;
			defaultConfigurationName = Release;
		};
		19B1A49D1B79EC740052CE2A /* Build configuration list for PBXNativeTarget "LGAlertSheetTests" */ = {
			isa = XCConfigurationList;
			buildConfigurations = (
				19B1A49E1B79EC740052CE2A /* Debug */,
				19B1A49F1B79EC740052CE2A /* Release */,
			);
			defaultConfigurationIsVisible = 0;
			defaultConfigurationName = Release;
		};
/* End XCConfigurationList section */
	};
	rootObject = 19B1A46F1B79EC740052CE2A /* Project object */;
}
